
Microsoft Visual Studio Solution File, Format Version 12.00
# Visual Studio 15
VisualStudioVersion = 15.0.27130.2036
MinimumVisualStudioVersion = 10.0.40219.1
Project("{FAE04EC0-301F-11D3-BF4B-00C04F79EFBC}") = "PayDebt", "PayDebt\PayDebt.csproj", "{BF0C270B-476F-4453-998F-81B187F622D7}"
EndProject
Project("{9A19103F-16F7-4668-BE54-9A1E7A4F7556}") = "Infrastructure", "Infrastructure\Infrastructure.csproj", "{96E50196-77F7-446F-92A8-D9FF98A1A789}"
EndProject
Project("{9A19103F-16F7-4668-BE54-9A1E7A4F7556}") = "DebtModel", "ModelDebt\DebtModel.csproj", "{9DD5E78D-24D2-4DFF-A006-E0A47AFC8DD7}"
EndProject
Project("{FAE04EC0-301F-11D3-BF4B-00C04F79EFBC}") = "InfrastructureTests", "InfrastructureTests\InfrastructureTests.csproj", "{5DEE45E3-4291-4127-BDE1-F6B75AB686F8}"
EndProject
Project("{FAE04EC0-301F-11D3-BF4B-00C04F79EFBC}") = "DebtModelTests", "DebtModelTests\DebtModelTests.csproj", "{C5C1A5FB-2EBA-48BC-852B-A4FEE258B03E}"
EndProject
Global
	GlobalSection(SolutionConfigurationPlatforms) = preSolution
		Debug|Any CPU = Debug|Any CPU
		Debug|x64 = Debug|x64
		Debug|x86 = Debug|x86
		Release|Any CPU = Release|Any CPU
		Release|x64 = Release|x64
		Release|x86 = Release|x86
	EndGlobalSection
	GlobalSection(ProjectConfigurationPlatforms) = postSolution
		{BF0C270B-476F-4453-998F-81B187F622D7}.Debug|Any CPU.ActiveCfg = Debug|Any CPU
		{BF0C270B-476F-4453-998F-81B187F622D7}.Debug|Any CPU.Build.0 = Debug|Any CPU
		{BF0C270B-476F-4453-998F-81B187F622D7}.Debug|Any CPU.Deploy.0 = Debug|Any CPU
		{BF0C270B-476F-4453-998F-81B187F622D7}.Debug|x64.ActiveCfg = Debug|Any CPU
		{BF0C270B-476F-4453-998F-81B187F622D7}.Debug|x64.Build.0 = Debug|Any CPU
		{BF0C270B-476F-4453-998F-81B187F622D7}.Debug|x64.Deploy.0 = Debug|Any CPU
		{BF0C270B-476F-4453-998F-81B187F622D7}.Debug|x86.ActiveCfg = Debug|Any CPU
		{BF0C270B-476F-4453-998F-81B187F622D7}.Debug|x86.Build.0 = Debug|Any CPU
		{BF0C270B-476F-4453-998F-81B187F622D7}.Debug|x86.Deploy.0 = Debug|Any CPU
		{BF0C270B-476F-4453-998F-81B187F622D7}.Release|Any CPU.ActiveCfg = Release|Any CPU
		{BF0C270B-476F-4453-998F-81B187F622D7}.Release|Any CPU.Build.0 = Release|Any CPU
		{BF0C270B-476F-4453-998F-81B187F622D7}.Release|Any CPU.Deploy.0 = Release|Any CPU
		{BF0C270B-476F-4453-998F-81B187F622D7}.Release|x64.ActiveCfg = Release|Any CPU
		{BF0C270B-476F-4453-998F-81B187F622D7}.Release|x64.Build.0 = Release|Any CPU
		{BF0C270B-476F-4453-998F-81B187F622D7}.Release|x64.Deploy.0 = Release|Any CPU
		{BF0C270B-476F-4453-998F-81B187F622D7}.Release|x86.ActiveCfg = Release|Any CPU
		{BF0C270B-476F-4453-998F-81B187F622D7}.Release|x86.Build.0 = Release|Any CPU
		{BF0C270B-476F-4453-998F-81B187F622D7}.Release|x86.Deploy.0 = Release|Any CPU
		{96E50196-77F7-446F-92A8-D9FF98A1A789}.Debug|Any CPU.ActiveCfg = Debug|Any CPU
		{96E50196-77F7-446F-92A8-D9FF98A1A789}.Debug|Any CPU.Build.0 = Debug|Any CPU
		{96E50196-77F7-446F-92A8-D9FF98A1A789}.Debug|x64.ActiveCfg = Debug|Any CPU
		{96E50196-77F7-446F-92A8-D9FF98A1A789}.Debug|x64.Build.0 = Debug|Any CPU
		{96E50196-77F7-446F-92A8-D9FF98A1A789}.Debug|x86.ActiveCfg = Debug|Any CPU
		{96E50196-77F7-446F-92A8-D9FF98A1A789}.Debug|x86.Build.0 = Debug|Any CPU
		{96E50196-77F7-446F-92A8-D9FF98A1A789}.Release|Any CPU.ActiveCfg = Release|Any CPU
		{96E50196-77F7-446F-92A8-D9FF98A1A789}.Release|Any CPU.Build.0 = Release|Any CPU
		{96E50196-77F7-446F-92A8-D9FF98A1A789}.Release|x64.ActiveCfg = Release|Any CPU
		{96E50196-77F7-446F-92A8-D9FF98A1A789}.Release|x64.Build.0 = Release|Any CPU
		{96E50196-77F7-446F-92A8-D9FF98A1A789}.Release|x86.ActiveCfg = Release|Any CPU
		{96E50196-77F7-446F-92A8-D9FF98A1A789}.Release|x86.Build.0 = Release|Any CPU
		{9DD5E78D-24D2-4DFF-A006-E0A47AFC8DD7}.Debug|Any CPU.ActiveCfg = Debug|Any CPU
		{9DD5E78D-24D2-4DFF-A006-E0A47AFC8DD7}.Debug|Any CPU.Build.0 = Debug|Any CPU
		{9DD5E78D-24D2-4DFF-A006-E0A47AFC8DD7}.Debug|x64.ActiveCfg = Debug|Any CPU
		{9DD5E78D-24D2-4DFF-A006-E0A47AFC8DD7}.Debug|x64.Build.0 = Debug|Any CPU
		{9DD5E78D-24D2-4DFF-A006-E0A47AFC8DD7}.Debug|x86.ActiveCfg = Debug|Any CPU
		{9DD5E78D-24D2-4DFF-A006-E0A47AFC8DD7}.Debug|x86.Build.0 = Debug|Any CPU
		{9DD5E78D-24D2-4DFF-A006-E0A47AFC8DD7}.Release|Any CPU.ActiveCfg = Release|Any CPU
		{9DD5E78D-24D2-4DFF-A006-E0A47AFC8DD7}.Release|Any CPU.Build.0 = Release|Any CPU
		{9DD5E78D-24D2-4DFF-A006-E0A47AFC8DD7}.Release|x64.ActiveCfg = Release|Any CPU
		{9DD5E78D-24D2-4DFF-A006-E0A47AFC8DD7}.Release|x64.Build.0 = Release|Any CPU
		{9DD5E78D-24D2-4DFF-A006-E0A47AFC8DD7}.Release|x86.ActiveCfg = Release|Any CPU
		{9DD5E78D-24D2-4DFF-A006-E0A47AFC8DD7}.Release|x86.Build.0 = Release|Any CPU
		{5DEE45E3-4291-4127-BDE1-F6B75AB686F8}.Debug|Any CPU.ActiveCfg = Debug|Any CPU
		{5DEE45E3-4291-4127-BDE1-F6B75AB686F8}.Debug|Any CPU.Build.0 = Debug|Any CPU
		{5DEE45E3-4291-4127-BDE1-F6B75AB686F8}.Debug|x64.ActiveCfg = Debug|Any CPU
		{5DEE45E3-4291-4127-BDE1-F6B75AB686F8}.Debug|x64.Build.0 = Debug|Any CPU
		{5DEE45E3-4291-4127-BDE1-F6B75AB686F8}.Debug|x86.ActiveCfg = Debug|Any CPU
		{5DEE45E3-4291-4127-BDE1-F6B75AB686F8}.Debug|x86.Build.0 = Debug|Any CPU
		{5DEE45E3-4291-4127-BDE1-F6B75AB686F8}.Release|Any CPU.ActiveCfg = Release|Any CPU
		{5DEE45E3-4291-4127-BDE1-F6B75AB686F8}.Release|Any CPU.Build.0 = Release|Any CPU
		{5DEE45E3-4291-4127-BDE1-F6B75AB686F8}.Release|x64.ActiveCfg = Release|Any CPU
		{5DEE45E3-4291-4127-BDE1-F6B75AB686F8}.Release|x64.Build.0 = Release|Any CPU
		{5DEE45E3-4291-4127-BDE1-F6B75AB686F8}.Release|x86.ActiveCfg = Release|Any CPU
		{5DEE45E3-4291-4127-BDE1-F6B75AB686F8}.Release|x86.Build.0 = Release|Any CPU
		{C5C1A5FB-2EBA-48BC-852B-A4FEE258B03E}.Debug|Any CPU.ActiveCfg = Debug|Any CPU
		{C5C1A5FB-2EBA-48BC-852B-A4FEE258B03E}.Debug|Any CPU.Build.0 = Debug|Any CPU
		{C5C1A5FB-2EBA-48BC-852B-A4FEE258B03E}.Debug|x64.ActiveCfg = Debug|Any CPU
		{C5C1A5FB-2EBA-48BC-852B-A4FEE258B03E}.Debug|x64.Build.0 = Debug|Any CPU
		{C5C1A5FB-2EBA-48BC-852B-A4FEE258B03E}.Debug|x86.ActiveCfg = Debug|Any CPU
		{C5C1A5FB-2EBA-48BC-852B-A4FEE258B03E}.Debug|x86.Build.0 = Debug|Any CPU
		{C5C1A5FB-2EBA-48BC-852B-A4FEE258B03E}.Release|Any CPU.ActiveCfg = Release|Any CPU
		{C5C1A5FB-2EBA-48BC-852B-A4FEE258B03E}.Release|Any CPU.Build.0 = Release|Any CPU
		{C5C1A5FB-2EBA-48BC-852B-A4FEE258B03E}.Release|x64.ActiveCfg = Release|Any CPU
		{C5C1A5FB-2EBA-48BC-852B-A4FEE258B03E}.Release|x64.Build.0 = Release|Any CPU
		{C5C1A5FB-2EBA-48BC-852B-A4FEE258B03E}.Release|x86.ActiveCfg = Release|Any CPU
		{C5C1A5FB-2EBA-48BC-852B-A4FEE258B03E}.Release|x86.Build.0 = Release|Any CPU
	EndGlobalSection
	GlobalSection(SolutionProperties) = preSolution
		HideSolutionNode = FALSE
	EndGlobalSection
	GlobalSection(ExtensibilityGlobals) = postSolution
		SolutionGuid = {99CE3FE9-EC32-499E-B65C-7C4C3FA222DD}
	EndGlobalSection
EndGlobal
